# This file was autogenerated by Stack.
# You should not edit this file by hand.
# For more information, please see the documentation at:
#   https://docs.haskellstack.org/en/stable/topics/lock_files

packages:
- completed:
    hackage: chalk-0.1.0.2@sha256:63ec3ad86fc827879843fb2981e6c721741a3b6d12a8c56cb932d6fa3c129930,616
    pantry-tree:
      sha256: 4973c99de511207a7283bed9babf95f59aa969f878492903025b1e1e371e4204
      size: 216
  original:
    hackage: chalk-0.1.0.2@sha256:63ec3ad86fc827879843fb2981e6c721741a3b6d12a8c56cb932d6fa3c129930,616
- completed:
    hackage: hashtables-1.4.2@sha256:4940cab94a15d469845ccf5225f9cb3d354c15e8127ebb58425c8b681f7721d9,10386
    pantry-tree:
      sha256: 65107f0c970351b971ea1f676a5e00b61e37c298a4c83c867d937f2a774501eb
      size: 2895
  original:
    hackage: hashtables-1.4.2@sha256:4940cab94a15d469845ccf5225f9cb3d354c15e8127ebb58425c8b681f7721d9,10386
snapshots:
- completed:
    sha256: 0ddbaf764a0d478d4a40132b0a896af69c089ca62bfd8dedb8c43141fcc507cf
    size: 757764
    url: https://raw.githubusercontent.com/commercialhaskell/stackage-snapshots/master/nightly/2026/7/13.yaml
  original: nightly-2026-07-13
